
Microsoft Visual Studio Solution File, Format Version 12.00
# Visual Studio Version 16
VisualStudioVersion = 16.0.31410.357
MinimumVisualStudioVersion = 10.0.40219.1
Project("{FAE04EC0-301F-11D3-BF4B-00C04F79EFBC}") = "Hoi4ModdingSupporter", "Hoi4ModdingSupporter\Hoi4ModdingSupporter.csproj", "{B43A8151-228E-482C-BF82-EF876B9AC08D}"
EndProject
Global
	GlobalSection(SolutionConfigurationPlatforms) = preSolution
		Debug|Any CPU = Debug|Any CPU
		Release|Any CPU = Release|Any CPU
	EndGlobalSection
	GlobalSection(ProjectConfigurationPlatforms) = postSolution
		{B43A8151-228E-482C-BF82-EF876B9AC08D}.Debug|Any CPU.ActiveCfg = Debug|Any CPU
		{B43A8151-228E-482C-BF82-EF876B9AC08D}.Debug|Any CPU.Build.0 = Debug|Any CPU
		{B43A8151-228E-482C-BF82-EF876B9AC08D}.Release|Any CPU.ActiveCfg = Release|Any CPU
		{B43A8151-228E-482C-BF82-EF876B9AC08D}.Release|Any CPU.Build.0 = Release|Any CPU
	EndGlobalSection
	GlobalSection(SolutionProperties) = preSolution
		HideSolutionNode = FALSE
	EndGlobalSection
	GlobalSection(ExtensibilityGlobals) = postSolution
		SolutionGuid = {C400F915-54E8-4133-B305-45E869EE33DE}
	EndGlobalSection
EndGlobal
